// !$*UTF8*$!
{
	archiveVersion = 1;
	classes = {
	};
	objectVersion = 46;
	objects = {

/* Begin PBXBuildFile section */
		116631C21D17B77600F3FCE1 /* TaQiEntityBase.m in Sources */ = {isa = PBXBuildFile; fileRef = 116631B91D17B77600F3FCE1 /* TaQiEntityBase.m */; };
		116631C31D17B77600F3FCE1 /* TaQiEntityConvert.m in Sources */ = {isa = PBXBuildFile; fileRef = 116631BB1D17B77600F3FCE1 /* TaQiEntityConvert.m */; };
		116631C41D17B77600F3FCE1 /* TaQiPagerEntityBase.m in Sources */ = {isa = PBXBuildFile; fileRef = 116631BD1D17B77600F3FCE1 /* TaQiPagerEntityBase.m */; };
		116631C51D17B77600F3FCE1 /* TaQiQueryEntityBase.m in Sources */ = {isa = PBXBuildFile; fileRef = 116631BF1D17B77600F3FCE1 /* TaQiQueryEntityBase.m */; };
		116631C61D17B77600F3FCE1 /* TaQiTreeEntityBase.m in Sources */ = {isa = PBXBuildFile; fileRef = 116631C11D17B77600F3FCE1 /* TaQiTreeEntityBase.m */; };
		116631DF1D17B78900F3FCE1 /* MJDictionaryCache.m in Sources */ = {isa = PBXBuildFile; fileRef = 116631C91D17B78900F3FCE1 /* MJDictionaryCache.m */; };
		116631E01D17B78900F3FCE1 /* MJExtensionConst.m in Sources */ = {isa = PBXBuildFile; fileRef = 116631CC1D17B78900F3FCE1 /* MJExtensionConst.m */; };
		116631E11D17B78900F3FCE1 /* MJFoundation.m in Sources */ = {isa = PBXBuildFile; fileRef = 116631CE1D17B78900F3FCE1 /* MJFoundation.m */; };
		116631E21D17B78900F3FCE1 /* MJProperty.m in Sources */ = {isa = PBXBuildFile; fileRef = 116631D01D17B78900F3FCE1 /* MJProperty.m */; };
		116631E31D17B78900F3FCE1 /* MJPropertyKey.m in Sources */ = {isa = PBXBuildFile; fileRef = 116631D21D17B78900F3FCE1 /* MJPropertyKey.m */; };
		116631E41D17B78900F3FCE1 /* MJPropertyType.m in Sources */ = {isa = PBXBuildFile; fileRef = 116631D41D17B78900F3FCE1 /* MJPropertyType.m */; };
		116631E51D17B78900F3FCE1 /* NSObject+MJClass.m in Sources */ = {isa = PBXBuildFile; fileRef = 116631D61D17B78900F3FCE1 /* NSObject+MJClass.m */; };
		116631E61D17B78900F3FCE1 /* NSObject+MJCoding.m in Sources */ = {isa = PBXBuildFile; fileRef = 116631D81D17B78900F3FCE1 /* NSObject+MJCoding.m */; };
		116631E71D17B78900F3FCE1 /* NSObject+MJKeyValue.m in Sources */ = {isa = PBXBuildFile; fileRef = 116631DA1D17B78900F3FCE1 /* NSObject+MJKeyValue.m */; };
		116631E81D17B78900F3FCE1 /* NSObject+MJProperty.m in Sources */ = {isa = PBXBuildFile; fileRef = 116631DC1D17B78900F3FCE1 /* NSObject+MJProperty.m */; };
		116631E91D17B78900F3FCE1 /* NSString+MJExtension.m in Sources */ = {isa = PBXBuildFile; fileRef = 116631DE1D17B78900F3FCE1 /* NSString+MJExtension.m */; };
		116631F01D17B79800F3FCE1 /* TaQiNetWorkConfig.m in Sources */ = {isa = PBXBuildFile; fileRef = 116631EB1D17B79800F3FCE1 /* TaQiNetWorkConfig.m */; };
		116631F11D17B79800F3FCE1 /* TaQiRequest.m in Sources */ = {isa = PBXBuildFile; fileRef = 116631ED1D17B79800F3FCE1 /* TaQiRequest.m */; };
		116631F21D17B79800F3FCE1 /* TaQiResponseMessage.m in Sources */ = {isa = PBXBuildFile; fileRef = 116631EF1D17B79800F3FCE1 /* TaQiResponseMessage.m */; };
		116631F61D17B82700F3FCE1 /* UserModel.m in Sources */ = {isa = PBXBuildFile; fileRef = 116631F51D17B82700F3FCE1 /* UserModel.m */; };
		1199F66B1D0E55A40067FA22 /* main.m in Sources */ = {isa = PBXBuildFile; fileRef = 1199F66A1D0E55A40067FA22 /* main.m */; };
		1199F66E1D0E55A40067FA22 /* AppDelegate.m in Sources */ = {isa = PBXBuildFile; fileRef = 1199F66D1D0E55A40067FA22 /* AppDelegate.m */; };
		1199F6711D0E55A40067FA22 /* ViewController.m in Sources */ = {isa = PBXBuildFile; fileRef = 1199F6701D0E55A40067FA22 /* ViewController.m */; };
		1199F6741D0E55A40067FA22 /* Main.storyboard in Resources */ = {isa = PBXBuildFile; fileRef = 1199F6721D0E55A40067FA22 /* Main.storyboard */; };
		1199F6761D0E55A40067FA22 /* Assets.xcassets in Resources */ = {isa = PBXBuildFile; fileRef = 1199F6751D0E55A40067FA22 /* Assets.xcassets */; };
		1199F6791D0E55A40067FA22 /* LaunchScreen.storyboard in Resources */ = {isa = PBXBuildFile; fileRef = 1199F6771D0E55A40067FA22 /* LaunchScreen.storyboard */; };
		1199F6841D0E55A40067FA22 /* TaQiFrameworkDemoTests.m in Sources */ = {isa = PBXBuildFile; fileRef = 1199F6831D0E55A40067FA22 /* TaQiFrameworkDemoTests.m */; };
		1199F68F1D0E55A40067FA22 /* TaQiFrameworkDemoUITests.m in Sources */ = {isa = PBXBuildFile; fileRef = 1199F68E1D0E55A40067FA22 /* TaQiFrameworkDemoUITests.m */; };
		1199F7431D0E7B760067FA22 /* NetWorkApi.plist in Resources */ = {isa = PBXBuildFile; fileRef = 1199F7421D0E7B760067FA22 /* NetWorkApi.plist */; };
		5D5385701B5FF755C6007435 /* libPods.a in Frameworks */ = {isa = PBXBuildFile; fileRef = 1CE3BDBB0CA079108E33E142 /* libPods.a */; };
/* End PBXBuildFile section */

/* Begin PBXContainerItemProxy section */
		1199F6801D0E55A40067FA22 /* PBXContainerItemProxy */ = {
			isa = PBXContainerItemProxy;
			containerPortal = 1199F65E1D0E55A40067FA22 /* Project object */;
			proxyType = 1;
			remoteGlobalIDString = 1199F6651D0E55A40067FA22;
			remoteInfo = TaQiFrameworkDemo;
		};
		1199F68B1D0E55A40067FA22 /* PBXContainerItemProxy */ = {
			isa = PBXContainerItemProxy;
			containerPortal = 1199F65E1D0E55A40067FA22 /* Project object */;
			proxyType = 1;
			remoteGlobalIDString = 1199F6651D0E55A40067FA22;
			remoteInfo = TaQiFrameworkDemo;
		};
/* End PBXContainerItemProxy section */

/* Begin PBXFileReference section */
		116631B81D17B77600F3FCE1 /* TaQiEntityBase.h */ = {isa = PBXFileReference; fileEncoding = 4; lastKnownFileType = sourcecode.c.h; name = TaQiEntityBase.h; path = TaQiFrameworkCore/Entitys/TaQiEntityBase.h; sourceTree = "<group>"; };
		116631B91D17B77600F3FCE1 /* TaQiEntityBase.m */ = {isa = PBXFileReference; fileEncoding = 4; lastKnownFileType = sourcecode.c.objc; name = TaQiEntityBase.m; path = TaQiFrameworkCore/Entitys/TaQiEntityBase.m; sourceTree = "<group>"; };
		116631BA1D17B77600F3FCE1 /* TaQiEntityConvert.h */ = {isa = PBXFileReference; fileEncoding = 4; lastKnownFileType = sourcecode.c.h; name = TaQiEntityConvert.h; path = TaQiFrameworkCore/Entitys/TaQiEntityConvert.h; sourceTree = "<group>"; };
		116631BB1D17B77600F3FCE1 /* TaQiEntityConvert.m */ = {isa = PBXFileReference; fileEncoding = 4; lastKnownFileType = sourcecode.c.objc; name = TaQiEntityConvert.m; path = TaQiFrameworkCore/Entitys/TaQiEntityConvert.m; sourceTree = "<group>"; };
		116631BC1D17B77600F3FCE1 /* TaQiPagerEntityBase.h */ = {isa = PBXFileReference; fileEncoding = 4; lastKnownFileType = sourcecode.c.h; name = TaQiPagerEntityBase.h; path = TaQiFrameworkCore/Entitys/TaQiPagerEntityBase.h; sourceTree = "<group>"; };
		116631BD1D17B77600F3FCE1 /* TaQiPagerEntityBase.m */ = {isa = PBXFileReference; fileEncoding = 4; lastKnownFileType = sourcecode.c.objc; name = TaQiPagerEntityBase.m; path = TaQiFrameworkCore/Entitys/TaQiPagerEntityBase.m; sourceTree = "<group>"; };
		116631BE1D17B77600F3FCE1 /* TaQiQueryEntityBase.h */ = {isa = PBXFileReference; fileEncoding = 4; lastKnownFileType = sourcecode.c.h; name = TaQiQueryEntityBase.h; path = TaQiFrameworkCore/Entitys/TaQiQueryEntityBase.h; sourceTree = "<group>"; };
		116631BF1D17B77600F3FCE1 /* TaQiQueryEntityBase.m */ = {isa = PBXFileReference; fileEncoding = 4; lastKnownFileType = sourcecode.c.objc; name = TaQiQueryEntityBase.m; path = TaQiFrameworkCore/Entitys/TaQiQueryEntityBase.m; sourceTree = "<group>"; };
		116631C01D17B77600F3FCE1 /* TaQiTreeEntityBase.h */ = {isa = PBXFileReference; fileEncoding = 4; lastKnownFileType = sourcecode.c.h; name = TaQiTreeEntityBase.h; path = TaQiFrameworkCore/Entitys/TaQiTreeEntityBase.h; sourceTree = "<group>"; };
		116631C11D17B77600F3FCE1 /* TaQiTreeEntityBase.m */ = {isa = PBXFileReference; fileEncoding = 4; lastKnownFileType = sourcecode.c.objc; name = TaQiTreeEntityBase.m; path = TaQiFrameworkCore/Entitys/TaQiTreeEntityBase.m; sourceTree = "<group>"; };
		116631C81D17B78900F3FCE1 /* MJDictionaryCache.h */ = {isa = PBXFileReference; fileEncoding = 4; lastKnownFileType = sourcecode.c.h; name = MJDictionaryCache.h; path = TaQiFrameworkCore/Library/MJExtension/MJDictionaryCache.h; sourceTree = "<group>"; };
		116631C91D17B78900F3FCE1 /* MJDictionaryCache.m */ = {isa = PBXFileReference; fileEncoding = 4; lastKnownFileType = sourcecode.c.objc; name = MJDictionaryCache.m; path = TaQiFrameworkCore/Library/MJExtension/MJDictionaryCache.m; sourceTree = "<group>"; };
		116631CA1D17B78900F3FCE1 /* MJExtension.h */ = {isa = PBXFileReference; fileEncoding = 4; lastKnownFileType = sourcecode.c.h; name = MJExtension.h; path = TaQiFrameworkCore/Library/MJExtension/MJExtension.h; sourceTree = "<group>"; };
		116631CB1D17B78900F3FCE1 /* MJExtensionConst.h */ = {isa = PBXFileReference; fileEncoding = 4; lastKnownFileType = sourcecode.c.h; name = MJExtensionConst.h; path = TaQiFrameworkCore/Library/MJExtension/MJExtensionConst.h; sourceTree = "<group>"; };
		116631CC1D17B78900F3FCE1 /* MJExtensionConst.m */ = {isa = PBXFileReference; fileEncoding = 4; lastKnownFileType = sourcecode.c.objc; name = MJExtensionConst.m; path = TaQiFrameworkCore/Library/MJExtension/MJExtensionConst.m; sourceTree = "<group>"; };
		116631CD1D17B78900F3FCE1 /* MJFoundation.h */ = {isa = PBXFileReference; fileEncoding = 4; lastKnownFileType = sourcecode.c.h; name = MJFoundation.h; path = TaQiFrameworkCore/Library/MJExtension/MJFoundation.h; sourceTree = "<group>"; };
		116631CE1D17B78900F3FCE1 /* MJFoundation.m */ = {isa = PBXFileReference; fileEncoding = 4; lastKnownFileType = sourcecode.c.objc; name = MJFoundation.m; path = TaQiFrameworkCore/Library/MJExtension/MJFoundation.m; sourceTree = "<group>"; };
		116631CF1D17B78900F3FCE1 /* MJProperty.h */ = {isa = PBXFileReference; fileEncoding = 4; lastKnownFileType = sourcecode.c.h; name = MJProperty.h; path = TaQiFrameworkCore/Library/MJExtension/MJProperty.h; sourceTree = "<group>"; };
		116631D01D17B78900F3FCE1 /* MJProperty.m */ = {isa = PBXFileReference; fileEncoding = 4; lastKnownFileType = sourcecode.c.objc; name = MJProperty.m; path = TaQiFrameworkCore/Library/MJExtension/MJProperty.m; sourceTree = "<group>"; };
		116631D11D17B78900F3FCE1 /* MJPropertyKey.h */ = {isa = PBXFileReference; fileEncoding = 4; lastKnownFileType = sourcecode.c.h; name = MJPropertyKey.h; path = TaQiFrameworkCore/Library/MJExtension/MJPropertyKey.h; sourceTree = "<group>"; };
		116631D21D17B78900F3FCE1 /* MJPropertyKey.m */ = {isa = PBXFileReference; fileEncoding = 4; lastKnownFileType = sourcecode.c.objc; name = MJPropertyKey.m; path = TaQiFrameworkCore/Library/MJExtension/MJPropertyKey.m; sourceTree = "<group>"; };
		116631D31D17B78900F3FCE1 /* MJPropertyType.h */ = {isa = PBXFileReference; fileEncoding = 4; lastKnownFileType = sourcecode.c.h; name = MJPropertyType.h; path = TaQiFrameworkCore/Library/MJExtension/MJPropertyType.h; sourceTree = "<group>"; };
		116631D41D17B78900F3FCE1 /* MJPropertyType.m */ = {isa = PBXFileReference; fileEncoding = 4; lastKnownFileType = sourcecode.c.objc; name = MJPropertyType.m; path = TaQiFrameworkCore/Library/MJExtension/MJPropertyType.m; sourceTree = "<group>"; };
		116631D51D17B78900F3FCE1 /* NSObject+MJClass.h */ = {isa = PBXFileReference; fileEncoding = 4; lastKnownFileType = sourcecode.c.h; name = "NSObject+MJClass.h"; path = "TaQiFrameworkCore/Library/MJExtension/NSObject+MJClass.h"; sourceTree = "<group>"; };
		116631D61D17B78900F3FCE1 /* NSObject+MJClass.m */ = {isa = PBXFileReference; fileEncoding = 4; lastKnownFileType = sourcecode.c.objc; name = "NSObject+MJClass.m"; path = "TaQiFrameworkCore/Library/MJExtension/NSObject+MJClass.m"; sourceTree = "<group>"; };
		116631D71D17B78900F3FCE1 /* NSObject+MJCoding.h */ = {isa = PBXFileReference; fileEncoding = 4; lastKnownFileType = sourcecode.c.h; name = "NSObject+MJCoding.h"; path = "TaQiFrameworkCore/Library/MJExtension/NSObject+MJCoding.h"; sourceTree = "<group>"; };
		116631D81D17B78900F3FCE1 /* NSObject+MJCoding.m */ = {isa = PBXFileReference; fileEncoding = 4; lastKnownFileType = sourcecode.c.objc; name = "NSObject+MJCoding.m"; path = "TaQiFrameworkCore/Library/MJExtension/NSObject+MJCoding.m"; sourceTree = "<group>"; };
		116631D91D17B78900F3FCE1 /* NSObject+MJKeyValue.h */ = {isa = PBXFileReference; fileEncoding = 4; lastKnownFileType = sourcecode.c.h; name = "NSObject+MJKeyValue.h"; path = "TaQiFrameworkCore/Library/MJExtension/NSObject+MJKeyValue.h"; sourceTree = "<group>"; };
		116631DA1D17B78900F3FCE1 /* NSObject+MJKeyValue.m */ = {isa = PBXFileReference; fileEncoding = 4; lastKnownFileType = sourcecode.c.objc; name = "NSObject+MJKeyValue.m"; path = "TaQiFrameworkCore/Library/MJExtension/NSObject+MJKeyValue.m"; sourceTree = "<group>"; };
		116631DB1D17B78900F3FCE1 /* NSObject+MJProperty.h */ = {isa = PBXFileReference; fileEncoding = 4; lastKnownFileType = sourcecode.c.h; name = "NSObject+MJProperty.h"; path = "TaQiFrameworkCore/Library/MJExtension/NSObject+MJProperty.h"; sourceTree = "<group>"; };
		116631DC1D17B78900F3FCE1 /* NSObject+MJProperty.m */ = {isa = PBXFileReference; fileEncoding = 4; lastKnownFileType = sourcecode.c.objc; name = "NSObject+MJProperty.m"; path = "TaQiFrameworkCore/Library/MJExtension/NSObject+MJProperty.m"; sourceTree = "<group>"; };
		116631DD1D17B78900F3FCE1 /* NSString+MJExtension.h */ = {isa = PBXFileReference; fileEncoding = 4; lastKnownFileType = sourcecode.c.h; name = "NSString+MJExtension.h"; path = "TaQiFrameworkCore/Library/MJExtension/NSString+MJExtension.h"; sourceTree = "<group>"; };
		116631DE1D17B78900F3FCE1 /* NSString+MJExtension.m */ = {isa = PBXFileReference; fileEncoding = 4; lastKnownFileType = sourcecode.c.objc; name = "NSString+MJExtension.m"; path = "TaQiFrameworkCore/Library/MJExtension/NSString+MJExtension.m"; sourceTree = "<group>"; };
		116631EA1D17B79800F3FCE1 /* TaQiNetWorkConfig.h */ = {isa = PBXFileReference; fileEncoding = 4; lastKnownFileType = sourcecode.c.h; name = TaQiNetWorkConfig.h; path = TaQiFrameworkCore/NetWork/TaQiNetWorkConfig.h; sourceTree = "<group>"; };
		116631EB1D17B79800F3FCE1 /* TaQiNetWorkConfig.m */ = {isa = PBXFileReference; fileEncoding = 4; lastKnownFileType = sourcecode.c.objc; name = TaQiNetWorkConfig.m; path = TaQiFrameworkCore/NetWork/TaQiNetWorkConfig.m; sourceTree = "<group>"; };
		116631EC1D17B79800F3FCE1 /* TaQiRequest.h */ = {isa = PBXFileReference; fileEncoding = 4; lastKnownFileType = sourcecode.c.h; name = TaQiRequest.h; path = TaQiFrameworkCore/NetWork/TaQiRequest.h; sourceTree = "<group>"; };
		116631ED1D17B79800F3FCE1 /* TaQiRequest.m */ = {isa = PBXFileReference; fileEncoding = 4; lastKnownFileType = sourcecode.c.objc; name = TaQiRequest.m; path = TaQiFrameworkCore/NetWork/TaQiRequest.m; sourceTree = "<group>"; };
		116631EE1D17B79800F3FCE1 /* TaQiResponseMessage.h */ = {isa = PBXFileReference; fileEncoding = 4; lastKnownFileType = sourcecode.c.h; name = TaQiResponseMessage.h; path = TaQiFrameworkCore/NetWork/TaQiResponseMessage.h; sourceTree = "<group>"; };
		116631EF1D17B79800F3FCE1 /* TaQiResponseMessage.m */ = {isa = PBXFileReference; fileEncoding = 4; lastKnownFileType = sourcecode.c.objc; name = TaQiResponseMessage.m; path = TaQiFrameworkCore/NetWork/TaQiResponseMessage.m; sourceTree = "<group>"; };
		116631F41D17B82700F3FCE1 /* UserModel.h */ = {isa = PBXFileReference; fileEncoding = 4; lastKnownFileType = sourcecode.c.h; name = UserModel.h; path = Models/UserModel.h; sourceTree = "<group>"; };
		116631F51D17B82700F3FCE1 /* UserModel.m */ = {isa = PBXFileReference; fileEncoding = 4; lastKnownFileType = sourcecode.c.objc; name = UserModel.m; path = Models/UserModel.m; sourceTree = "<group>"; };
		1199F6661D0E55A40067FA22 /* TaQiFrameworkDemo.app */ = {isa = PBXFileReference; explicitFileType = wrapper.application; includeInIndex = 0; path = TaQiFrameworkDemo.app; sourceTree = BUILT_PRODUCTS_DIR; };
		1199F66A1D0E55A40067FA22 /* main.m */ = {isa = PBXFileReference; lastKnownFileType = sourcecode.c.objc; path = main.m; sourceTree = "<group>"; };
		1199F66C1D0E55A40067FA22 /* AppDelegate.h */ = {isa = PBXFileReference; lastKnownFileType = sourcecode.c.h; path = AppDelegate.h; sourceTree = "<group>"; };
		1199F66D1D0E55A40067FA22 /* AppDelegate.m */ = {isa = PBXFileReference; lastKnownFileType = sourcecode.c.objc; path = AppDelegate.m; sourceTree = "<group>"; };
		1199F66F1D0E55A40067FA22 /* ViewController.h */ = {isa = PBXFileReference; lastKnownFileType = sourcecode.c.h; path = ViewController.h; sourceTree = "<group>"; };
		1199F6701D0E55A40067FA22 /* ViewController.m */ = {isa = PBXFileReference; lastKnownFileType = sourcecode.c.objc; path = ViewController.m; sourceTree = "<group>"; };
		1199F6731D0E55A40067FA22 /* Base */ = {isa = PBXFileReference; lastKnownFileType = file.storyboard; name = Base; path = Base.lproj/Main.storyboard; sourceTree = "<group>"; };
		1199F6751D0E55A40067FA22 /* Assets.xcassets */ = {isa = PBXFileReference; lastKnownFileType = folder.assetcatalog; path = Assets.xcassets; sourceTree = "<group>"; };
		1199F6781D0E55A40067FA22 /* Base */ = {isa = PBXFileReference; lastKnownFileType = file.storyboard; name = Base; path = Base.lproj/LaunchScreen.storyboard; sourceTree = "<group>"; };
		1199F67A1D0E55A40067FA22 /* Info.plist */ = {isa = PBXFileReference; lastKnownFileType = text.plist.xml; path = Info.plist; sourceTree = "<group>"; };
		1199F67F1D0E55A40067FA22 /* TaQiFrameworkDemoTests.xctest */ = {isa = PBXFileReference; explicitFileType = wrapper.cfbundle; includeInIndex = 0; path = TaQiFrameworkDemoTests.xctest; sourceTree = BUILT_PRODUCTS_DIR; };
		1199F6831D0E55A40067FA22 /* TaQiFrameworkDemoTests.m */ = {isa = PBXFileReference; lastKnownFileType = sourcecode.c.objc; path = TaQiFrameworkDemoTests.m; sourceTree = "<group>"; };
		1199F6851D0E55A40067FA22 /* Info.plist */ = {isa = PBXFileReference; lastKnownFileType = text.plist.xml; path = Info.plist; sourceTree = "<group>"; };
		1199F68A1D0E55A40067FA22 /* TaQiFrameworkDemoUITests.xctest */ = {isa = PBXFileReference; explicitFileType = wrapper.cfbundle; includeInIndex = 0; path = TaQiFrameworkDemoUITests.xctest; sourceTree = BUILT_PRODUCTS_DIR; };
		1199F68E1D0E55A40067FA22 /* TaQiFrameworkDemoUITests.m */ = {isa = PBXFileReference; lastKnownFileType = sourcecode.c.objc; path = TaQiFrameworkDemoUITests.m; sourceTree = "<group>"; };
		1199F6901D0E55A40067FA22 /* Info.plist */ = {isa = PBXFileReference; lastKnownFileType = text.plist.xml; path = Info.plist; sourceTree = "<group>"; };
		1199F7421D0E7B760067FA22 /* NetWorkApi.plist */ = {isa = PBXFileReference; fileEncoding = 4; lastKnownFileType = text.plist.xml; path = NetWorkApi.plist; sourceTree = "<group>"; };
		1CE3BDBB0CA079108E33E142 /* libPods.a */ = {isa = PBXFileReference; explicitFileType = archive.ar; includeInIndex = 0; path = libPods.a; sourceTree = BUILT_PRODUCTS_DIR; };
		60039D81FC00345B2DF4B253 /* Pods.release.xcconfig */ = {isa = PBXFileReference; includeInIndex = 1; lastKnownFileType = text.xcconfig; name = Pods.release.xcconfig; path = "Pods/Target Support Files/Pods/Pods.release.xcconfig"; sourceTree = "<group>"; };
		B1976A983CF44B4B2E24F29E /* Pods.debug.xcconfig */ = {isa = PBXFileReference; includeInIndex = 1; lastKnownFileType = text.xcconfig; name = Pods.debug.xcconfig; path = "Pods/Target Support Files/Pods/Pods.debug.xcconfig"; sourceTree = "<group>"; };
/* End PBXFileReference section */

/* Begin PBXFrameworksBuildPhase section */
		1199F6631D0E55A40067FA22 /* Frameworks */ = {
			isa = PBXFrameworksBuildPhase;
			buildActionMask = 2147483647;
			files = (
				5D5385701B5FF755C6007435 /* libPods.a in Frameworks */,
			);
			runOnlyForDeploymentPostprocessing = 0;
		};
		1199F67C1D0E55A40067FA22 /* Frameworks */ = {
			isa = PBXFrameworksBuildPhase;
			buildActionMask = 2147483647;
			files = (
			);
			runOnlyForDeploymentPostprocessing = 0;
		};
		1199F6871D0E55A40067FA22 /* Frameworks */ = {
			isa = PBXFrameworksBuildPhase;
			buildActionMask = 2147483647;
			files = (
			);
			runOnlyForDeploymentPostprocessing = 0;
		};
/* End PBXFrameworksBuildPhase section */

/* Begin PBXGroup section */
		03B9D812B97E0AB0B2941945 /* Pods */ = {
			isa = PBXGroup;
			children = (
				B1976A983CF44B4B2E24F29E /* Pods.debug.xcconfig */,
				60039D81FC00345B2DF4B253 /* Pods.release.xcconfig */,
			);
			name = Pods;
			sourceTree = "<group>";
		};
		0A5E1AFAF4CFA11486A49FA8 /* Frameworks */ = {
			isa = PBXGroup;
			children = (
				1CE3BDBB0CA079108E33E142 /* libPods.a */,
			);
			name = Frameworks;
			sourceTree = "<group>";
		};
		116631B41D17B72F00F3FCE1 /* Core */ = {
			isa = PBXGroup;
			children = (
				116631B71D17B76600F3FCE1 /* NetWork */,
				116631B61D17B76000F3FCE1 /* Library */,
				116631B51D17B75500F3FCE1 /* Entitys */,
			);
			name = Core;
			sourceTree = "<group>";
		};
		116631B51D17B75500F3FCE1 /* Entitys */ = {
			isa = PBXGroup;
			children = (
				116631B81D17B77600F3FCE1 /* TaQiEntityBase.h */,
				116631B91D17B77600F3FCE1 /* TaQiEntityBase.m */,
				116631BA1D17B77600F3FCE1 /* TaQiEntityConvert.h */,
				116631BB1D17B77600F3FCE1 /* TaQiEntityConvert.m */,
				116631BC1D17B77600F3FCE1 /* TaQiPagerEntityBase.h */,
				116631BD1D17B77600F3FCE1 /* TaQiPagerEntityBase.m */,
				116631BE1D17B77600F3FCE1 /* TaQiQueryEntityBase.h */,
				116631BF1D17B77600F3FCE1 /* TaQiQueryEntityBase.m */,
				116631C01D17B77600F3FCE1 /* TaQiTreeEntityBase.h */,
				116631C11D17B77600F3FCE1 /* TaQiTreeEntityBase.m */,
			);
			name = Entitys;
			sourceTree = "<group>";
		};
		116631B61D17B76000F3FCE1 /* Library */ = {
			isa = PBXGroup;
			children = (
				116631C71D17B77E00F3FCE1 /* MJExtension */,
			);
			name = Library;
			sourceTree = "<group>";
		};
		116631B71D17B76600F3FCE1 /* NetWork */ = {
			isa = PBXGroup;
			children = (
				116631EA1D17B79800F3FCE1 /* TaQiNetWorkConfig.h */,
				116631EB1D17B79800F3FCE1 /* TaQiNetWorkConfig.m */,
				116631EC1D17B79800F3FCE1 /* TaQiRequest.h */,
				116631ED1D17B79800F3FCE1 /* TaQiRequest.m */,
				116631EE1D17B79800F3FCE1 /* TaQiResponseMessage.h */,
				116631EF1D17B79800F3FCE1 /* TaQiResponseMessage.m */,
			);
			name = NetWork;
			sourceTree = "<group>";
		};
		116631C71D17B77E00F3FCE1 /* MJExtension */ = {
			isa = PBXGroup;
			children = (
				116631C81D17B78900F3FCE1 /* MJDictionaryCache.h */,
				116631C91D17B78900F3FCE1 /* MJDictionaryCache.m */,
				116631CA1D17B78900F3FCE1 /* MJExtension.h */,
				116631CB1D17B78900F3FCE1 /* MJExtensionConst.h */,
				116631CC1D17B78900F3FCE1 /* MJExtensionConst.m */,
				116631CD1D17B78900F3FCE1 /* MJFoundation.h */,
				116631CE1D17B78900F3FCE1 /* MJFoundation.m */,
				116631CF1D17B78900F3FCE1 /* MJProperty.h */,
				116631D01D17B78900F3FCE1 /* MJProperty.m */,
				116631D11D17B78900F3FCE1 /* MJPropertyKey.h */,
				116631D21D17B78900F3FCE1 /* MJPropertyKey.m */,
				116631D31D17B78900F3FCE1 /* MJPropertyType.h */,
				116631D41D17B78900F3FCE1 /* MJPropertyType.m */,
				116631D51D17B78900F3FCE1 /* NSObject+MJClass.h */,
				116631D61D17B78900F3FCE1 /* NSObject+MJClass.m */,
				116631D71D17B78900F3FCE1 /* NSObject+MJCoding.h */,
				116631D81D17B78900F3FCE1 /* NSObject+MJCoding.m */,
				116631D91D17B78900F3FCE1 /* NSObject+MJKeyValue.h */,
				116631DA1D17B78900F3FCE1 /* NSObject+MJKeyValue.m */,
				116631DB1D17B78900F3FCE1 /* NSObject+MJProperty.h */,
				116631DC1D17B78900F3FCE1 /* NSObject+MJProperty.m */,
				116631DD1D17B78900F3FCE1 /* NSString+MJExtension.h */,
				116631DE1D17B78900F3FCE1 /* NSString+MJExtension.m */,
			);
			name = MJExtension;
			sourceTree = "<group>";
		};
		116631F31D17B7F900F3FCE1 /* Models */ = {
			isa = PBXGroup;
			children = (
				116631F41D17B82700F3FCE1 /* UserModel.h */,
				116631F51D17B82700F3FCE1 /* UserModel.m */,
			);
			name = Models;
			sourceTree = "<group>";
		};
		1199F65D1D0E55A40067FA22 = {
			isa = PBXGroup;
			children = (
				1199F6681D0E55A40067FA22 /* TaQiFrameworkDemo */,
				1199F6821D0E55A40067FA22 /* TaQiFrameworkDemoTests */,
				1199F68D1D0E55A40067FA22 /* TaQiFrameworkDemoUITests */,
				1199F6671D0E55A40067FA22 /* Products */,
				03B9D812B97E0AB0B2941945 /* Pods */,
				0A5E1AFAF4CFA11486A49FA8 /* Frameworks */,
			);
			sourceTree = "<group>";
		};
		1199F6671D0E55A40067FA22 /* Products */ = {
			isa = PBXGroup;
			children = (
				1199F6661D0E55A40067FA22 /* TaQiFrameworkDemo.app */,
				1199F67F1D0E55A40067FA22 /* TaQiFrameworkDemoTests.xctest */,
				1199F68A1D0E55A40067FA22 /* TaQiFrameworkDemoUITests.xctest */,
			);
			name = Products;
			sourceTree = "<group>";
		};
		1199F6681D0E55A40067FA22 /* TaQiFrameworkDemo */ = {
			isa = PBXGroup;
			children = (
				1199F69C1D0E581D0067FA22 /* TaQiFrameworkDemo */,
				1199F66C1D0E55A40067FA22 /* AppDelegate.h */,
				1199F66D1D0E55A40067FA22 /* AppDelegate.m */,
				1199F66F1D0E55A40067FA22 /* ViewController.h */,
				1199F6701D0E55A40067FA22 /* ViewController.m */,
				1199F6721D0E55A40067FA22 /* Main.storyboard */,
				1199F6751D0E55A40067FA22 /* Assets.xcassets */,
				1199F6771D0E55A40067FA22 /* LaunchScreen.storyboard */,
				1199F67A1D0E55A40067FA22 /* Info.plist */,
				1199F6691D0E55A40067FA22 /* Supporting Files */,
				1199F7421D0E7B760067FA22 /* NetWorkApi.plist */,
			);
			path = TaQiFrameworkDemo;
			sourceTree = "<group>";
		};
		1199F6691D0E55A40067FA22 /* Supporting Files */ = {
			isa = PBXGroup;
			children = (
				1199F66A1D0E55A40067FA22 /* main.m */,
			);
			name = "Supporting Files";
			sourceTree = "<group>";
		};
		1199F6821D0E55A40067FA22 /* TaQiFrameworkDemoTests */ = {
			isa = PBXGroup;
			children = (
				1199F6831D0E55A40067FA22 /* TaQiFrameworkDemoTests.m */,
				1199F6851D0E55A40067FA22 /* Info.plist */,
			);
			path = TaQiFrameworkDemoTests;
			sourceTree = "<group>";
		};
		1199F68D1D0E55A40067FA22 /* TaQiFrameworkDemoUITests */ = {
			isa = PBXGroup;
			children = (
				1199F68E1D0E55A40067FA22 /* TaQiFrameworkDemoUITests.m */,
				1199F6901D0E55A40067FA22 /* Info.plist */,
			);
			path = TaQiFrameworkDemoUITests;
			sourceTree = "<group>";
		};
		1199F69C1D0E581D0067FA22 /* TaQiFrameworkDemo */ = {
			isa = PBXGroup;
			children = (
				116631F31D17B7F900F3FCE1 /* Models */,
				116631B41D17B72F00F3FCE1 /* Core */,
			);
			name = TaQiFrameworkDemo;
			sourceTree = "<group>";
		};
/* End PBXGroup section */

/* Begin PBXNativeTarget section */
		1199F6651D0E55A40067FA22 /* TaQiFrameworkDemo */ = {
			isa = PBXNativeTarget;
			buildConfigurationList = 1199F6931D0E55A40067FA22 /* Build configuration list for PBXNativeTarget "TaQiFrameworkDemo" */;
			buildPhases = (
				340426713C3305CC17782442 /* Check Pods Manifest.lock */,
				1199F6621D0E55A40067FA22 /* Sources */,
				1199F6631D0E55A40067FA22 /* Frameworks */,
				1199F6641D0E55A40067FA22 /* Resources */,
				2350D58AC13393E5BD6CE510 /* Embed Pods Frameworks */,
				8AB2A852C9F5EB59D0B350E5 /* Copy Pods Resources */,
			);
			buildRules = (
			);
			dependencies = (
			);
			name = TaQiFrameworkDemo;
			productName = TaQiFrameworkDemo;
			productReference = 1199F6661D0E55A40067FA22 /* TaQiFrameworkDemo.app */;
			productType = "com.apple.product-type.application";
		};
		1199F67E1D0E55A40067FA22 /* TaQiFrameworkDemoTests */ = {
			isa = PBXNativeTarget;
			buildConfigurationList = 1199F6961D0E55A40067FA22 /* Build configuration list for PBXNativeTarget "TaQiFrameworkDemoTests" */;
			buildPhases = (
				1199F67B1D0E55A40067FA22 /* Sources */,
				1199F67C1D0E55A40067FA22 /* Frameworks */,
				1199F67D1D0E55A40067FA22 /* Resources */,
			);
			buildRules = (
			);
			dependencies = (
				1199F6811D0E55A40067FA22 /* PBXTargetDependency */,
			);
			name = TaQiFrameworkDemoTests;
			productName = TaQiFrameworkDemoTests;
			productReference = 1199F67F1D0E55A40067FA22 /* TaQiFrameworkDemoTests.xctest */;
			productType = "com.apple.product-type.bundle.unit-test";
		};
		1199F6891D0E55A40067FA22 /* TaQiFrameworkDemoUITests */ = {
			isa = PBXNativeTarget;
			buildConfigurationList = 1199F6991D0E55A40067FA22 /* Build configuration list for PBXNativeTarget "TaQiFrameworkDemoUITests" */;
			buildPhases = (
				1199F6861D0E55A40067FA22 /* Sources */,
				1199F6871D0E55A40067FA22 /* Frameworks */,
				1199F6881D0E55A40067FA22 /* Resources */,
			);
			buildRules = (
			);
			dependencies = (
				1199F68C1D0E55A40067FA22 /* PBXTargetDependency */,
			);
			name = TaQiFrameworkDemoUITests;
			productName = TaQiFrameworkDemoUITests;
			productReference = 1199F68A1D0E55A40067FA22 /* TaQiFrameworkDemoUITests.xctest */;
			productType = "com.apple.product-type.bundle.ui-testing";
		};
/* End PBXNativeTarget section */

/* Begin PBXProject section */
		1199F65E1D0E55A40067FA22 /* Project object */ = {
			isa = PBXProject;
			attributes = {
				LastUpgradeCheck = 0730;
				ORGANIZATIONNAME = TaQi;
				TargetAttributes = {
					1199F6651D0E55A40067FA22 = {
						CreatedOnToolsVersion = 7.3.1;
					};
					1199F67E1D0E55A40067FA22 = {
						CreatedOnToolsVersion = 7.3.1;
						TestTargetID = 1199F6651D0E55A40067FA22;
					};
					1199F6891D0E55A40067FA22 = {
						CreatedOnToolsVersion = 7.3.1;
						TestTargetID = 1199F6651D0E55A40067FA22;
					};
				};
			};
			buildConfigurationList = 1199F6611D0E55A40067FA22 /* Build configuration list for PBXProject "TaQiFrameworkDemo" */;
			compatibilityVersion = "Xcode 3.2";
			developmentRegion = English;
			hasScannedForEncodings = 0;
			knownRegions = (
				en,
				Base,
			);
			mainGroup = 1199F65D1D0E55A40067FA22;
			productRefGroup = 1199F6671D0E55A40067FA22 /* Products */;
			projectDirPath = "";
			projectRoot = "";
			targets = (
				1199F6651D0E55A40067FA22 /* TaQiFrameworkDemo */,
				1199F67E1D0E55A40067FA22 /* TaQiFrameworkDemoTests */,
				1199F6891D0E55A40067FA22 /* TaQiFrameworkDemoUITests */,
			);
		};
/* End PBXProject section */

/* Begin PBXResourcesBuildPhase section */
		1199F6641D0E55A40067FA22 /* Resources */ = {
			isa = PBXResourcesBuildPhase;
			buildActionMask = 2147483647;
			files = (
				1199F6791D0E55A40067FA22 /* LaunchScreen.storyboard in Resources */,
				1199F6761D0E55A40067FA22 /* Assets.xcassets in Resources */,
				1199F7431D0E7B760067FA22 /* NetWorkApi.plist in Resources */,
				1199F6741D0E55A40067FA22 /* Main.storyboard in Resources */,
			);
			runOnlyForDeploymentPostprocessing = 0;
		};
		1199F67D1D0E55A40067FA22 /* Resources */ = {
			isa = PBXResourcesBuildPhase;
			buildActionMask = 2147483647;
			files = (
			);
			runOnlyForDeploymentPostprocessing = 0;
		};
		1199F6881D0E55A40067FA22 /* Resources */ = {
			isa = PBXResourcesBuildPhase;
			buildActionMask = 2147483647;
			files = (
			);
			runOnlyForDeploymentPostprocessing = 0;
		};
/* End PBXResourcesBuildPhase section */

/* Begin PBXShellScriptBuildPhase section */
		2350D58AC13393E5BD6CE510 /* Embed Pods Frameworks */ = {
			isa = PBXShellScriptBuildPhase;
			buildActionMask = 2147483647;
			files = (
			);
			inputPaths = (
			);
			name = "Embed Pods Frameworks";
			outputPaths = (
			);
			runOnlyForDeploymentPostprocessing = 0;
			shellPath = /bin/sh;
			shellScript = "\"${SRCROOT}/Pods/Target Support Files/Pods/Pods-frameworks.sh\"\n";
			showEnvVarsInLog = 0;
		};
		340426713C3305CC17782442 /* Check Pods Manifest.lock */ = {
			isa = PBXShellScriptBuildPhase;
			buildActionMask = 2147483647;
			files = (
			);
			inputPaths = (
			);
			name = "Check Pods Manifest.lock";
			outputPaths = (
			);
			runOnlyForDeploymentPostprocessing = 0;
			shellPath = /bin/sh;
			shellScript = "diff \"${PODS_ROOT}/../Podfile.lock\" \"${PODS_ROOT}/Manifest.lock\" > /dev/null\nif [[ $? != 0 ]] ; then\n    cat << EOM\nerror: The sandbox is not in sync with the Podfile.lock. Run 'pod install' or update your CocoaPods installation.\nEOM\n    exit 1\nfi\n";
			showEnvVarsInLog = 0;
		};
		8AB2A852C9F5EB59D0B350E5 /* Copy Pods Resources */ = {
			isa = PBXShellScriptBuildPhase;
			buildActionMask = 2147483647;
			files = (
			);
			inputPaths = (
			);
			name = "Copy Pods Resources";
			outputPaths = (
			);
			runOnlyForDeploymentPostprocessing = 0;
			shellPath = /bin/sh;
			shellScript = "\"${SRCROOT}/Pods/Target Support Files/Pods/Pods-resources.sh\"\n";
			showEnvVarsInLog = 0;
		};
/* End PBXShellScriptBuildPhase section */

/* Begin PBXSourcesBuildPhase section */
		1199F6621D0E55A40067FA22 /* Sources */ = {
			isa = PBXSourcesBuildPhase;
			buildActionMask = 2147483647;
			files = (
				1199F6711D0E55A40067FA22 /* ViewController.m in Sources */,
				116631F01D17B79800F3FCE1 /* TaQiNetWorkConfig.m in Sources */,
				116631E81D17B78900F3FCE1 /* NSObject+MJProperty.m in Sources */,
				116631E11D17B78900F3FCE1 /* MJFoundation.m in Sources */,
				1199F66E1D0E55A40067FA22 /* AppDelegate.m in Sources */,
				116631E51D17B78900F3FCE1 /* NSObject+MJClass.m in Sources */,
				116631E91D17B78900F3FCE1 /* NSString+MJExtension.m in Sources */,
				116631C41D17B77600F3FCE1 /* TaQiPagerEntityBase.m in Sources */,
				116631C31D17B77600F3FCE1 /* TaQiEntityConvert.m in Sources */,
				116631E41D17B78900F3FCE1 /* MJPropertyType.m in Sources */,
				116631E71D17B78900F3FCE1 /* NSObject+MJKeyValue.m in Sources */,
				116631C21D17B77600F3FCE1 /* TaQiEntityBase.m in Sources */,
				116631F61D17B82700F3FCE1 /* UserModel.m in Sources */,
				116631C51D17B77600F3FCE1 /* TaQiQueryEntityBase.m in Sources */,
				116631E21D17B78900F3FCE1 /* MJProperty.m in Sources */,
				116631F11D17B79800F3FCE1 /* TaQiRequest.m in Sources */,
				116631E01D17B78900F3FCE1 /* MJExtensionConst.m in Sources */,
				116631C61D17B77600F3FCE1 /* TaQiTreeEntityBase.m in Sources */,
				116631E61D17B78900F3FCE1 /* NSObject+MJCoding.m in Sources */,
				1199F66B1D0E55A40067FA22 /* main.m in Sources */,
				116631F21D17B79800F3FCE1 /* TaQiResponseMessage.m in Sources */,
				116631E31D17B78900F3FCE1 /* MJPropertyKey.m in Sources */,
				116631DF1D17B78900F3FCE1 /* MJDictionaryCache.m in Sources */,
			);
			runOnlyForDeploymentPostprocessing = 0;
		};
		1199F67B1D0E55A40067FA22 /* Sources */ = {
			isa = PBXSourcesBuildPhase;
			buildActionMask = 2147483647;
			files = (
				1199F6841D0E55A40067FA22 /* TaQiFrameworkDemoTests.m in Sources */,
			);
			runOnlyForDeploymentPostprocessing = 0;
		};
		1199F6861D0E55A40067FA22 /* Sources */ = {
			isa = PBXSourcesBuildPhase;
			buildActionMask = 2147483647;
			files = (
				1199F68F1D0E55A40067FA22 /* TaQiFrameworkDemoUITests.m in Sources */,
			);
			runOnlyForDeploymentPostprocessing = 0;
		};
/* End PBXSourcesBuildPhase section */

/* Begin PBXTargetDependency section */
		1199F6811D0E55A40067FA22 /* PBXTargetDependency */ = {
			isa = PBXTargetDependency;
			target = 1199F6651D0E55A40067FA22 /* TaQiFrameworkDemo */;
			targetProxy = 1199F6801D0E55A40067FA22 /* PBXContainerItemProxy */;
		};
		1199F68C1D0E55A40067FA22 /* PBXTargetDependency */ = {
			isa = PBXTargetDependency;
			target = 1199F6651D0E55A40067FA22 /* TaQiFrameworkDemo */;
			targetProxy = 1199F68B1D0E55A40067FA22 /* PBXContainerItemProxy */;
		};
/* End PBXTargetDependency section */

/* Begin PBXVariantGroup section */
		1199F6721D0E55A40067FA22 /* Main.storyboard */ = {
			isa = PBXVariantGroup;
			children = (
				1199F6731D0E55A40067FA22 /* Base */,
			);
			name = Main.storyboard;
			sourceTree = "<group>";
		};
		1199F6771D0E55A40067FA22 /* LaunchScreen.storyboard */ = {
			isa = PBXVariantGroup;
			children = (
				1199F6781D0E55A40067FA22 /* Base */,
			);
			name = LaunchScreen.storyboard;
			sourceTree = "<group>";
		};
/* End PBXVariantGroup section */

/* Begin XCBuildConfiguration section */
		1199F6911D0E55A40067FA22 /* Debug */ = {
			isa = XCBuildConfiguration;
			buildSettings = {
				ALWAYS_SEARCH_USER_PATHS = NO;
				CLANG_ANALYZER_NONNULL = YES;
				CLANG_CXX_LANGUAGE_STANDARD = "gnu++0x";
				CLANG_CXX_LIBRARY = "libc++";
				CLANG_ENABLE_MODULES = YES;
				CLANG_ENABLE_OBJC_ARC = YES;
				CLANG_WARN_BOOL_CONVERSION = YES;
				CLANG_WARN_CONSTANT_CONVERSION = YES;
				CLANG_WARN_DIRECT_OBJC_ISA_USAGE = YES_ERROR;
				CLANG_WARN_EMPTY_BODY = YES;
				CLANG_WARN_ENUM_CONVERSION = YES;
				CLANG_WARN_INT_CONVERSION = YES;
				CLANG_WARN_OBJC_ROOT_CLASS = YES_ERROR;
				CLANG_WARN_UNREACHABLE_CODE = YES;
				CLANG_WARN__DUPLICATE_METHOD_MATCH = YES;
				"CODE_SIGN_IDENTITY[sdk=iphoneos*]" = "iPhone Developer";
				COPY_PHASE_STRIP = NO;
				DEBUG_INFORMATION_FORMAT = dwarf;
				ENABLE_STRICT_OBJC_MSGSEND = YES;
				ENABLE_TESTABILITY = YES;
				GCC_C_LANGUAGE_STANDARD = gnu99;
				GCC_DYNAMIC_NO_PIC = NO;
				GCC_NO_COMMON_BLOCKS = YES;
				GCC_OPTIMIZATION_LEVEL = 0;
				GCC_PREPROCESSOR_DEFINITIONS = (
					"DEBUG=1",
					"$(inherited)",
				);
				GCC_WARN_64_TO_32_BIT_CONVERSION = YES;
				GCC_WARN_ABOUT_RETURN_TYPE = YES_ERROR;
				GCC_WARN_UNDECLARED_SELECTOR = YES;
				GCC_WARN_UNINITIALIZED_AUTOS = YES_AGGRESSIVE;
				GCC_WARN_UNUSED_FUNCTION = YES;
				GCC_WARN_UNUSED_VARIABLE = YES;
				IPHONEOS_DEPLOYMENT_TARGET = 9.3;
				MTL_ENABLE_DEBUG_INFO = YES;
				ONLY_ACTIVE_ARCH = YES;
				SDKROOT = iphoneos;
				TARGETED_DEVICE_FAMILY = "1,2";
			};
			name = Debug;
		};
		1199F6921D0E55A40067FA22 /* Release */ = {
			isa = XCBuildConfiguration;
			buildSettings = {
				ALWAYS_SEARCH_USER_PATHS = NO;
				CLANG_ANALYZER_NONNULL = YES;
				CLANG_CXX_LANGUAGE_STANDARD = "gnu++0x";
				CLANG_CXX_LIBRARY = "libc++";
				CLANG_ENABLE_MODULES = YES;
				CLANG_ENABLE_OBJC_ARC = YES;
				CLANG_WARN_BOOL_CONVERSION = YES;
				CLANG_WARN_CONSTANT_CONVERSION = YES;
				CLANG_WARN_DIRECT_OBJC_ISA_USAGE = YES_ERROR;
				CLANG_WARN_EMPTY_BODY = YES;
				CLANG_WARN_ENUM_CONVERSION = YES;
				CLANG_WARN_INT_CONVERSION = YES;
				CLANG_WARN_OBJC_ROOT_CLASS = YES_ERROR;
				CLANG_WARN_UNREACHABLE_CODE = YES;
				CLANG_WARN__DUPLICATE_METHOD_MATCH = YES;
				"CODE_SIGN_IDENTITY[sdk=iphoneos*]" = "iPhone Developer";
				COPY_PHASE_STRIP = NO;
				DEBUG_INFORMATION_FORMAT = "dwarf-with-dsym";
				ENABLE_NS_ASSERTIONS = NO;
				ENABLE_STRICT_OBJC_MSGSEND = YES;
				GCC_C_LANGUAGE_STANDARD = gnu99;
				GCC_NO_COMMON_BLOCKS = YES;
				GCC_WARN_64_TO_32_BIT_CONVERSION = YES;
				GCC_WARN_ABOUT_RETURN_TYPE = YES_ERROR;
				GCC_WARN_UNDECLARED_SELECTOR = YES;
				GCC_WARN_UNINITIALIZED_AUTOS = YES_AGGRESSIVE;
				GCC_WARN_UNUSED_FUNCTION = YES;
				GCC_WARN_UNUSED_VARIABLE = YES;
				IPHONEOS_DEPLOYMENT_TARGET = 9.3;
				MTL_ENABLE_DEBUG_INFO = NO;
				SDKROOT = iphoneos;
				TARGETED_DEVICE_FAMILY = "1,2";
				VALIDATE_PRODUCT = YES;
			};
			name = Release;
		};
		1199F6941D0E55A40067FA22 /* Debug */ = {
			isa = XCBuildConfiguration;
			baseConfigurationReference = B1976A983CF44B4B2E24F29E /* Pods.debug.xcconfig */;
			buildSettings = {
				ASSETCATALOG_COMPILER_APPICON_NAME = AppIcon;
				INFOPLIST_FILE = TaQiFrameworkDemo/Info.plist;
				IPHONEOS_DEPLOYMENT_TARGET = 7.0;
				LD_RUNPATH_SEARCH_PATHS = "$(inherited) @executable_path/Frameworks";
				PRODUCT_BUNDLE_IDENTIFIER = Hu.TaQiFrameworkDemo;
				PRODUCT_NAME = "$(TARGET_NAME)";
			};
			name = Debug;
		};
		1199F6951D0E55A40067FA22 /* Release */ = {
			isa = XCBuildConfiguration;
			baseConfigurationReference = 60039D81FC00345B2DF4B253 /* Pods.release.xcconfig */;
			buildSettings = {
				ASSETCATALOG_COMPILER_APPICON_NAME = AppIcon;
				INFOPLIST_FILE = TaQiFrameworkDemo/Info.plist;
				IPHONEOS_DEPLOYMENT_TARGET = 7.0;
				LD_RUNPATH_SEARCH_PATHS = "$(inherited) @executable_path/Frameworks";
				PRODUCT_BUNDLE_IDENTIFIER = Hu.TaQiFrameworkDemo;
				PRODUCT_NAME = "$(TARGET_NAME)";
			};
			name = Release;
		};
		1199F6971D0E55A40067FA22 /* Debug */ = {
			isa = XCBuildConfiguration;
			buildSettings = {
				BUNDLE_LOADER = "$(TEST_HOST)";
				INFOPLIST_FILE = TaQiFrameworkDemoTests/Info.plist;
				LD_RUNPATH_SEARCH_PATHS = "$(inherited) @executable_path/Frameworks @loader_path/Frameworks";
				PRODUCT_BUNDLE_IDENTIFIER = Hu.TaQiFrameworkDemoTests;
				PRODUCT_NAME = "$(TARGET_NAME)";
				TEST_HOST = "$(BUILT_PRODUCTS_DIR)/TaQiFrameworkDemo.app/TaQiFrameworkDemo";
			};
			name = Debug;
		};
		1199F6981D0E55A40067FA22 /* Release */ = {
			isa = XCBuildConfiguration;
			buildSettings = {
				BUNDLE_LOADER = "$(TEST_HOST)";
				INFOPLIST_FILE = TaQiFrameworkDemoTests/Info.plist;
				LD_RUNPATH_SEARCH_PATHS = "$(inherited) @executable_path/Frameworks @loader_path/Frameworks";
				PRODUCT_BUNDLE_IDENTIFIER = Hu.TaQiFrameworkDemoTests;
				PRODUCT_NAME = "$(TARGET_NAME)";
				TEST_HOST = "$(BUILT_PRODUCTS_DIR)/TaQiFrameworkDemo.app/TaQiFrameworkDemo";
			};
			name = Release;
		};
		1199F69A1D0E55A40067FA22 /* Debug */ = {
			isa = XCBuildConfiguration;
			buildSettings = {
				INFOPLIST_FILE = TaQiFrameworkDemoUITests/Info.plist;
				LD_RUNPATH_SEARCH_PATHS = "$(inherited) @executable_path/Frameworks @loader_path/Frameworks";
				PRODUCT_BUNDLE_IDENTIFIER = Hu.TaQiFrameworkDemoUITests;
				PRODUCT_NAME = "$(TARGET_NAME)";
				TEST_TARGET_NAME = TaQiFrameworkDemo;
			};
			name = Debug;
		};
		1199F69B1D0E55A40067FA22 /* Release */ = {
			isa = XCBuildConfiguration;
			buildSettings = {
				INFOPLIST_FILE = TaQiFrameworkDemoUITests/Info.plist;
				LD_RUNPATH_SEARCH_PATHS = "$(inherited) @executable_path/Frameworks @loader_path/Frameworks";
				PRODUCT_BUNDLE_IDENTIFIER = Hu.TaQiFrameworkDemoUITests;
				PRODUCT_NAME = "$(TARGET_NAME)";
				TEST_TARGET_NAME = TaQiFrameworkDemo;
			};
			name = Release;
		};
/* End XCBuildConfiguration section */

/* Begin XCConfigurationList section */
		1199F6611D0E55A40067FA22 /* Build configuration list for PBXProject "TaQiFrameworkDemo" */ = {
			isa = XCConfigurationList;
			buildConfigurations = (
				1199F6911D0E55A40067FA22 /* Debug */,
				1199F6921D0E55A40067FA22 /* Release */,
			);
			defaultConfigurationIsVisible = 0;
			defaultConfigurationName = Release;
		};
		1199F6931D0E55A40067FA22 /* Build configuration list for PBXNativeTarget "TaQiFrameworkDemo" */ = {
			isa = XCConfigurationList;
			buildConfigurations = (
				1199F6941D0E55A40067FA22 /* Debug */,
				1199F6951D0E55A40067FA22 /* Release */,
			);
			defaultConfigurationIsVisible = 0;
			defaultConfigurationName = Release;
		};
		1199F6961D0E55A40067FA22 /* Build configuration list for PBXNativeTarget "TaQiFrameworkDemoTests" */ = {
			isa = XCConfigurationList;
			buildConfigurations = (
				1199F6971D0E55A40067FA22 /* Debug */,
				1199F6981D0E55A40067FA22 /* Release */,
			);
			defaultConfigurationIsVisible = 0;
			defaultConfigurationName = Release;
		};
		1199F6991D0E55A40067FA22 /* Build configuration list for PBXNativeTarget "TaQiFrameworkDemoUITests" */ = {
			isa = XCConfigurationList;
			buildConfigurations = (
				1199F69A1D0E55A40067FA22 /* Debug */,
				1199F69B1D0E55A40067FA22 /* Release */,
			);
			defaultConfigurationIsVisible = 0;
			defaultConfigurationName = Release;
		};
/* End XCConfigurationList section */
	};
	rootObject = 1199F65E1D0E55A40067FA22 /* Project object */;
}
